
Microsoft Visual Studio Solution File, Format Version 12.00
# Visual Studio Version 17
VisualStudioVersion = 17.11.35327.3
MinimumVisualStudioVersion = 10.0.40219.1
Project("{FAE04EC0-301F-11D3-BF4B-00C04F79EFBC}") = "DrivingSchoolApp", "DrivingSchoolApp\DrivingSchoolApp.csproj", "{052FFEC3-2110-4DB8-AB57-932C58D7170D}"
EndProject
Global
	GlobalSection(SolutionConfigurationPlatforms) = preSolution
		Debug|Any CPU = Debug|Any CPU
		Release|Any CPU = Release|Any CPU
	EndGlobalSection
	GlobalSection(ProjectConfigurationPlatforms) = postSolution
		{052FFEC3-2110-4DB8-AB57-932C58D7170D}.Debug|Any CPU.ActiveCfg = Debug|Any CPU
		{052FFEC3-2110-4DB8-AB57-932C58D7170D}.Debug|Any CPU.Build.0 = Debug|Any CPU
		{052FFEC3-2110-4DB8-AB57-932C58D7170D}.Release|Any CPU.ActiveCfg = Release|Any CPU
		{052FFEC3-2110-4DB8-AB57-932C58D7170D}.Release|Any CPU.Build.0 = Release|Any CPU
	EndGlobalSection
	GlobalSection(SolutionProperties) = preSolution
		HideSolutionNode = FALSE
	EndGlobalSection
	GlobalSection(ExtensibilityGlobals) = postSolution
		SolutionGuid = {66786F18-A106-436C-85F6-383EBD59D492}
	EndGlobalSection
EndGlobal
